
Microsoft Visual Studio Solution File, Format Version 12.00
# Visual Studio Version 17
VisualStudioVersion = 17.5.001.0
MinimumVisualStudioVersion = 10.0.40219.1
Project("{9A19103F-16F7-4668-BE54-9A1E7A4F7556}") = "DGFweb.Api", "DGFweb.Api.csproj", "{3A43B1C4-0D0D-475B-A4CC-F16B375BE625}"
EndProject

Global
	GlobalSection(SolutionConfigurationPlatforms) = preSolution
		Debug|Any CPU = Debug|Any CPU
		Release|Any CPU = Release|Any CPU
	EndGlobalSection
	GlobalSection(ProjectConfigurationPlatforms) = postSolution
		{3A43B1C4-0D0D-475B-A4CC-F16B375BE625}.Debug|Any CPU.ActiveCfg = Debug|Any CPU
		{3A43B1C4-0D0D-475B-A4CC-F16B375BE625}.Debug|Any CPU.Build.0 = Debug|Any CPU
		{3A43B1C4-0D0D-475B-A4CC-F16B375BE625}.Release|Any CPU.ActiveCfg = Release|Any CPU
		{3A43B1C4-0D0D-475B-A4CC-F16B375BE625}.Release|Any CPU.Build.0 = Release|Any CPU
		{CF52EBED-00CC-4965-A736-7DDF5ED907FD}.Debug|Any CPU.ActiveCfg = Debug|Any CPU
		{CF52EBED-00CC-4965-A736-7DDF5ED907FD}.Debug|Any CPU.Build.0 = Debug|Any CPU
		{CF52EBED-00CC-4965-A736-7DDF5ED907FD}.Release|Any CPU.ActiveCfg = Release|Any CPU
		{CF52EBED-00CC-4965-A736-7DDF5ED907FD}.Release|Any CPU.Build.0 = Release|Any CPU
	EndGlobalSection
	GlobalSection(SolutionProperties) = preSolution
		HideSolutionNode = FALSE
	EndGlobalSection
	GlobalSection(ExtensibilityGlobals) = postSolution
		SolutionGuid = {65537D82-FBA2-493D-8A71-5DC76399992C}
	EndGlobalSection
EndGlobal
